
Microsoft Visual Studio Solution File, Format Version 12.00
# Visual Studio Version 17
VisualStudioVersion = 17.5.002.0
MinimumVisualStudioVersion = 10.0.40219.1
Project("{9A19103F-16F7-4668-BE54-9A1E7A4F7556}") = "McDons-Back", "McDons-Back\McDons-Back.csproj", "{1C8B14B5-D7D5-4B38-BC78-BA4E08AFBFD2}"
EndProject
Global
	GlobalSection(SolutionConfigurationPlatforms) = preSolution
		Debug|Any CPU = Debug|Any CPU
		Release|Any CPU = Release|Any CPU
	EndGlobalSection
	GlobalSection(ProjectConfigurationPlatforms) = postSolution
		{1C8B14B5-D7D5-4B38-BC78-BA4E08AFBFD2}.Debug|Any CPU.ActiveCfg = Debug|Any CPU
		{1C8B14B5-D7D5-4B38-BC78-BA4E08AFBFD2}.Debug|Any CPU.Build.0 = Debug|Any CPU
		{1C8B14B5-D7D5-4B38-BC78-BA4E08AFBFD2}.Release|Any CPU.ActiveCfg = Release|Any CPU
		{1C8B14B5-D7D5-4B38-BC78-BA4E08AFBFD2}.Release|Any CPU.Build.0 = Release|Any CPU
	EndGlobalSection
	GlobalSection(SolutionProperties) = preSolution
		HideSolutionNode = FALSE
	EndGlobalSection
	GlobalSection(ExtensibilityGlobals) = postSolution
		SolutionGuid = {4429E35A-4247-4B62-9797-090901E4736D}
	EndGlobalSection
EndGlobal
